
Microsoft Visual Studio Solution File, Format Version 12.00
# Visual Studio Version 17
VisualStudioVersion = 17.9.34622.214
MinimumVisualStudioVersion = 10.0.40219.1
Project("{FAE04EC0-301F-11D3-BF4B-00C04F79EFBC}") = "Product.Application", "Product.Application\Product.Application.csproj", "{F01ACE52-CAE9-4E67-9354-63E775608460}"
EndProject
Project("{FAE04EC0-301F-11D3-BF4B-00C04F79EFBC}") = "Product.Event.Handler.Service", "Product.Event.Handler.Service\Product.Event.Handler.Service.csproj", "{B766CD67-0E43-45F1-BA03-00F28EAAA1DE}"
EndProject
Project("{FAE04EC0-301F-11D3-BF4B-00C04F79EFBC}") = "Shared", "Shared\Shared.csproj", "{229B4043-0DCD-461D-99C9-7A4ECF985607}"
EndProject
Global
	GlobalSection(SolutionConfigurationPlatforms) = preSolution
		Debug|Any CPU = Debug|Any CPU
		Release|Any CPU = Release|Any CPU
	EndGlobalSection
	GlobalSection(ProjectConfigurationPlatforms) = postSolution
		{F01ACE52-CAE9-4E67-9354-63E775608460}.Debug|Any CPU.ActiveCfg = Debug|Any CPU
		{F01ACE52-CAE9-4E67-9354-63E775608460}.Debug|Any CPU.Build.0 = Debug|Any CPU
		{F01ACE52-CAE9-4E67-9354-63E775608460}.Release|Any CPU.ActiveCfg = Release|Any CPU
		{F01ACE52-CAE9-4E67-9354-63E775608460}.Release|Any CPU.Build.0 = Release|Any CPU
		{B766CD67-0E43-45F1-BA03-00F28EAAA1DE}.Debug|Any CPU.ActiveCfg = Debug|Any CPU
		{B766CD67-0E43-45F1-BA03-00F28EAAA1DE}.Debug|Any CPU.Build.0 = Debug|Any CPU
		{B766CD67-0E43-45F1-BA03-00F28EAAA1DE}.Release|Any CPU.ActiveCfg = Release|Any CPU
		{B766CD67-0E43-45F1-BA03-00F28EAAA1DE}.Release|Any CPU.Build.0 = Release|Any CPU
		{229B4043-0DCD-461D-99C9-7A4ECF985607}.Debug|Any CPU.ActiveCfg = Debug|Any CPU
		{229B4043-0DCD-461D-99C9-7A4ECF985607}.Debug|Any CPU.Build.0 = Debug|Any CPU
		{229B4043-0DCD-461D-99C9-7A4ECF985607}.Release|Any CPU.ActiveCfg = Release|Any CPU
		{229B4043-0DCD-461D-99C9-7A4ECF985607}.Release|Any CPU.Build.0 = Release|Any CPU
	EndGlobalSection
	GlobalSection(SolutionProperties) = preSolution
		HideSolutionNode = FALSE
	EndGlobalSection
	GlobalSection(ExtensibilityGlobals) = postSolution
		SolutionGuid = {D065CAF7-E50A-49AF-950D-55DC6E20E891}
	EndGlobalSection
EndGlobal
